// !$*UTF8*$!
{
	archiveVersion = 1;
	classes = {
	};
	objectVersion = 46;
	objects = {

/* Begin PBXBuildFile section */
		D71344241A5EB6E900FC912B /* AppDelegate.swift in Sources */ = {isa = PBXBuildFile; fileRef = D71344231A5EB6E900FC912B /* AppDelegate.swift */; };
		D71344261A5EB6E900FC912B /* ViewController.swift in Sources */ = {isa = PBXBuildFile; fileRef = D71344251A5EB6E900FC912B /* ViewController.swift */; };
		D71344291A5EB6E900FC912B /* Main.storyboard in Resources */ = {isa = PBXBuildFile; fileRef = D71344271A5EB6E900FC912B /* Main.storyboard */; };
		D713442B1A5EB6E900FC912B /* Images.xcassets in Resources */ = {isa = PBXBuildFile; fileRef = D713442A1A5EB6E900FC912B /* Images.xcassets */; };
		D713442E1A5EB6E900FC912B /* LaunchScreen.xib in Resources */ = {isa = PBXBuildFile; fileRef = D713442C1A5EB6E900FC912B /* LaunchScreen.xib */; };
		D713443A1A5EB6E900FC912B /* __Tests.swift in Sources */ = {isa = PBXBuildFile; fileRef = D71344391A5EB6E900FC912B /* __Tests.swift */; };
		D7CDC54C1B3845D3005FE87C /* playsoundViewController.swift in Sources */ = {isa = PBXBuildFile; fileRef = D7CDC54B1B3845D3005FE87C /* playsoundViewController.swift */; };
		D7CDC5501B386C94005FE87C /* RecordedAudio.swift in Sources */ = {isa = PBXBuildFile; fileRef = D7CDC54F1B386C94005FE87C /* RecordedAudio.swift */; };
/* End PBXBuildFile section */

/* Begin PBXContainerItemProxy section */
		D71344341A5EB6E900FC912B /* PBXContainerItemProxy */ = {
			isa = PBXContainerItemProxy;
			containerPortal = D71344161A5EB6E900FC912B /* Project object */;
			proxyType = 1;
			remoteGlobalIDString = D713441D1A5EB6E900FC912B;
			remoteInfo = "模仿";
		};
/* End PBXContainerItemProxy section */

/* Begin PBXFileReference section */
		D713441E1A5EB6E900FC912B /* 模仿.app */ = {isa = PBXFileReference; explicitFileType = wrapper.application; includeInIndex = 0; path = "模仿.app"; sourceTree = BUILT_PRODUCTS_DIR; };
		D71344221A5EB6E900FC912B /* Info.plist */ = {isa = PBXFileReference; lastKnownFileType = text.plist.xml; path = Info.plist; sourceTree = "<group>"; };
		D71344231A5EB6E900FC912B /* AppDelegate.swift */ = {isa = PBXFileReference; lastKnownFileType = sourcecode.swift; path = AppDelegate.swift; sourceTree = "<group>"; };
		D71344251A5EB6E900FC912B /* ViewController.swift */ = {isa = PBXFileReference; lastKnownFileType = sourcecode.swift; path = ViewController.swift; sourceTree = "<group>"; };
		D71344281A5EB6E900FC912B /* Base */ = {isa = PBXFileReference; lastKnownFileType = file.storyboard; name = Base; path = Base.lproj/Main.storyboard; sourceTree = "<group>"; };
		D713442A1A5EB6E900FC912B /* Images.xcassets */ = {isa = PBXFileReference; lastKnownFileType = folder.assetcatalog; path = Images.xcassets; sourceTree = "<group>"; };
		D713442D1A5EB6E900FC912B /* Base */ = {isa = PBXFileReference; lastKnownFileType = file.xib; name = Base; path = Base.lproj/LaunchScreen.xib; sourceTree = "<group>"; };
		D71344331A5EB6E900FC912B /* 模仿Tests.xctest */ = {isa = PBXFileReference; explicitFileType = wrapper.cfbundle; includeInIndex = 0; path = "模仿Tests.xctest"; sourceTree = BUILT_PRODUCTS_DIR; };
		D71344381A5EB6E900FC912B /* Info.plist */ = {isa = PBXFileReference; lastKnownFileType = text.plist.xml; path = Info.plist; sourceTree = "<group>"; };
		D71344391A5EB6E900FC912B /* __Tests.swift */ = {isa = PBXFileReference; lastKnownFileType = sourcecode.swift; path = __Tests.swift; sourceTree = "<group>"; };
		D7CDC54B1B3845D3005FE87C /* playsoundViewController.swift */ = {isa = PBXFileReference; fileEncoding = 4; lastKnownFileType = sourcecode.swift; path = playsoundViewController.swift; sourceTree = "<group>"; };
		D7CDC54F1B386C94005FE87C /* RecordedAudio.swift */ = {isa = PBXFileReference; fileEncoding = 4; lastKnownFileType = sourcecode.swift; path = RecordedAudio.swift; sourceTree = "<group>"; };
/* End PBXFileReference section */

/* Begin PBXFrameworksBuildPhase section */
		D713441B1A5EB6E900FC912B /* Frameworks */ = {
			isa = PBXFrameworksBuildPhase;
			buildActionMask = 2147483647;
			files = (
			);
			runOnlyForDeploymentPostprocessing = 0;
		};
		D71344301A5EB6E900FC912B /* Frameworks */ = {
			isa = PBXFrameworksBuildPhase;
			buildActionMask = 2147483647;
			files = (
			);
			runOnlyForDeploymentPostprocessing = 0;
		};
/* End PBXFrameworksBuildPhase section */

/* Begin PBXGroup section */
		D71344151A5EB6E900FC912B = {
			isa = PBXGroup;
			children = (
				D71344201A5EB6E900FC912B /* 模仿 */,
				D71344361A5EB6E900FC912B /* 模仿Tests */,
				D713441F1A5EB6E900FC912B /* Products */,
			);
			sourceTree = "<group>";
		};
		D713441F1A5EB6E900FC912B /* Products */ = {
			isa = PBXGroup;
			children = (
				D713441E1A5EB6E900FC912B /* 模仿.app */,
				D71344331A5EB6E900FC912B /* 模仿Tests.xctest */,
			);
			name = Products;
			sourceTree = "<group>";
		};
		D71344201A5EB6E900FC912B /* 模仿 */ = {
			isa = PBXGroup;
			children = (
				D7CDC54F1B386C94005FE87C /* RecordedAudio.swift */,
				D71344231A5EB6E900FC912B /* AppDelegate.swift */,
				D71344251A5EB6E900FC912B /* ViewController.swift */,
				D71344271A5EB6E900FC912B /* Main.storyboard */,
				D7CDC54B1B3845D3005FE87C /* playsoundViewController.swift */,
				D713442A1A5EB6E900FC912B /* Images.xcassets */,
				D713442C1A5EB6E900FC912B /* LaunchScreen.xib */,
				D71344211A5EB6E900FC912B /* Supporting Files */,
			);
			path = "模仿";
			sourceTree = "<group>";
		};
		D71344211A5EB6E900FC912B /* Supporting Files */ = {
			isa = PBXGroup;
			children = (
				D71344221A5EB6E900FC912B /* Info.plist */,
			);
			name = "Supporting Files";
			sourceTree = "<group>";
		};
		D71344361A5EB6E900FC912B /* 模仿Tests */ = {
			isa = PBXGroup;
			children = (
				D71344391A5EB6E900FC912B /* __Tests.swift */,
				D71344371A5EB6E900FC912B /* Supporting Files */,
			);
			path = "模仿Tests";
			sourceTree = "<group>";
		};
		D71344371A5EB6E900FC912B /* Supporting Files */ = {
			isa = PBXGroup;
			children = (
				D71344381A5EB6E900FC912B /* Info.plist */,
			);
			name = "Supporting Files";
			sourceTree = "<group>";
		};
/* End PBXGroup section */

/* Begin PBXNativeTarget section */
		D713441D1A5EB6E900FC912B /* 模仿 */ = {
			isa = PBXNativeTarget;
			buildConfigurationList = D713443D1A5EB6E900FC912B /* Build configuration list for PBXNativeTarget "模仿" */;
			buildPhases = (
				D713441A1A5EB6E900FC912B /* Sources */,
				D713441B1A5EB6E900FC912B /* Frameworks */,
				D713441C1A5EB6E900FC912B /* Resources */,
			);
			buildRules = (
			);
			dependencies = (
			);
			name = "模仿";
			productName = "模仿";
			productReference = D713441E1A5EB6E900FC912B /* 模仿.app */;
			productType = "com.apple.product-type.application";
		};
		D71344321A5EB6E900FC912B /* 模仿Tests */ = {
			isa = PBXNativeTarget;
			buildConfigurationList = D71344401A5EB6E900FC912B /* Build configuration list for PBXNativeTarget "模仿Tests" */;
			buildPhases = (
				D713442F1A5EB6E900FC912B /* Sources */,
				D71344301A5EB6E900FC912B /* Frameworks */,
				D71344311A5EB6E900FC912B /* Resources */,
			);
			buildRules = (
			);
			dependencies = (
				D71344351A5EB6E900FC912B /* PBXTargetDependency */,
			);
			name = "模仿Tests";
			productName = "模仿Tests";
			productReference = D71344331A5EB6E900FC912B /* 模仿Tests.xctest */;
			productType = "com.apple.product-type.bundle.unit-test";
		};
/* End PBXNativeTarget section */

/* Begin PBXProject section */
		D71344161A5EB6E900FC912B /* Project object */ = {
			isa = PBXProject;
			attributes = {
				LastUpgradeCheck = 0610;
				ORGANIZATIONNAME = "Leonard Gao";
				TargetAttributes = {
					D713441D1A5EB6E900FC912B = {
						CreatedOnToolsVersion = 6.1.1;
					};
					D71344321A5EB6E900FC912B = {
						CreatedOnToolsVersion = 6.1.1;
						TestTargetID = D713441D1A5EB6E900FC912B;
					};
				};
			};
			buildConfigurationList = D71344191A5EB6E900FC912B /* Build configuration list for PBXProject "模仿" */;
			compatibilityVersion = "Xcode 3.2";
			developmentRegion = English;
			hasScannedForEncodings = 0;
			knownRegions = (
				en,
				Base,
			);
			mainGroup = D71344151A5EB6E900FC912B;
			productRefGroup = D713441F1A5EB6E900FC912B /* Products */;
			projectDirPath = "";
			projectRoot = "";
			targets = (
				D713441D1A5EB6E900FC912B /* 模仿 */,
				D71344321A5EB6E900FC912B /* 模仿Tests */,
			);
		};
/* End PBXProject section */

/* Begin PBXResourcesBuildPhase section */
		D713441C1A5EB6E900FC912B /* Resources */ = {
			isa = PBXResourcesBuildPhase;
			buildActionMask = 2147483647;
			files = (
				D71344291A5EB6E900FC912B /* Main.storyboard in Resources */,
				D713442E1A5EB6E900FC912B /* LaunchScreen.xib in Resources */,
				D713442B1A5EB6E900FC912B /* Images.xcassets in Resources */,
			);
			runOnlyForDeploymentPostprocessing = 0;
		};
		D71344311A5EB6E900FC912B /* Resources */ = {
			isa = PBXResourcesBuildPhase;
			buildActionMask = 2147483647;
			files = (
			);
			runOnlyForDeploymentPostprocessing = 0;
		};
/* End PBXResourcesBuildPhase section */

/* Begin PBXSourcesBuildPhase section */
		D713441A1A5EB6E900FC912B /* Sources */ = {
			isa = PBXSourcesBuildPhase;
			buildActionMask = 2147483647;
			files = (
				D7CDC5501B386C94005FE87C /* RecordedAudio.swift in Sources */,
				D71344261A5EB6E900FC912B /* ViewController.swift in Sources */,
				D71344241A5EB6E900FC912B /* AppDelegate.swift in Sources */,
				D7CDC54C1B3845D3005FE87C /* playsoundViewController.swift in Sources */,
			);
			runOnlyForDeploymentPostprocessing = 0;
		};
		D713442F1A5EB6E900FC912B /* Sources */ = {
			isa = PBXSourcesBuildPhase;
			buildActionMask = 2147483647;
			files = (
				D713443A1A5EB6E900FC912B /* __Tests.swift in Sources */,
			);
			runOnlyForDeploymentPostprocessing = 0;
		};
/* End PBXSourcesBuildPhase section */

/* Begin PBXTargetDependency section */
		D71344351A5EB6E900FC912B /* PBXTargetDependency */ = {
			isa = PBXTargetDependency;
			target = D713441D1A5EB6E900FC912B /* 模仿 */;
			targetProxy = D71344341A5EB6E900FC912B /* PBXContainerItemProxy */;
		};
/* End PBXTargetDependency section */

/* Begin PBXVariantGroup section */
		D71344271A5EB6E900FC912B /* Main.storyboard */ = {
			isa = PBXVariantGroup;
			children = (
				D71344281A5EB6E900FC912B /* Base */,
			);
			name = Main.storyboard;
			sourceTree = "<group>";
		};
		D713442C1A5EB6E900FC912B /* LaunchScreen.xib */ = {
			isa = PBXVariantGroup;
			children = (
				D713442D1A5EB6E900FC912B /* Base */,
			);
			name = LaunchScreen.xib;
			sourceTree = "<group>";
		};
/* End PBXVariantGroup section */

/* Begin XCBuildConfiguration section */
		D713443B1A5EB6E900FC912B /* Debug */ = {
			isa = XCBuildConfiguration;
			buildSettings = {
				ALWAYS_SEARCH_USER_PATHS = NO;
				CLANG_CXX_LANGUAGE_STANDARD = "gnu++0x";
				CLANG_CXX_LIBRARY = "libc++";
				CLANG_ENABLE_MODULES = YES;
				CLANG_ENABLE_OBJC_ARC = YES;
				CLANG_WARN_BOOL_CONVERSION = YES;
				CLANG_WARN_CONSTANT_CONVERSION = YES;
				CLANG_WARN_DIRECT_OBJC_ISA_USAGE = YES_ERROR;
				CLANG_WARN_EMPTY_BODY = YES;
				CLANG_WARN_ENUM_CONVERSION = YES;
				CLANG_WARN_INT_CONVERSION = YES;
				CLANG_WARN_OBJC_ROOT_CLASS = YES_ERROR;
				CLANG_WARN_UNREACHABLE_CODE = YES;
				CLANG_WARN__DUPLICATE_METHOD_MATCH = YES;
				"CODE_SIGN_IDENTITY[sdk=iphoneos*]" = "iPhone Developer";
				COPY_PHASE_STRIP = NO;
				ENABLE_STRICT_OBJC_MSGSEND = YES;
				GCC_C_LANGUAGE_STANDARD = gnu99;
				GCC_DYNAMIC_NO_PIC = NO;
				GCC_OPTIMIZATION_LEVEL = 0;
				GCC_PREPROCESSOR_DEFINITIONS = (
					"DEBUG=1",
					"$(inherited)",
				);
				GCC_SYMBOLS_PRIVATE_EXTERN = NO;
				GCC_WARN_64_TO_32_BIT_CONVERSION = YES;
				GCC_WARN_ABOUT_RETURN_TYPE = YES_ERROR;
				GCC_WARN_UNDECLARED_SELECTOR = YES;
				GCC_WARN_UNINITIALIZED_AUTOS = YES_AGGRESSIVE;
				GCC_WARN_UNUSED_FUNCTION = YES;
				GCC_WARN_UNUSED_VARIABLE = YES;
				IPHONEOS_DEPLOYMENT_TARGET = 8.1;
				MTL_ENABLE_DEBUG_INFO = YES;
				ONLY_ACTIVE_ARCH = YES;
				SDKROOT = iphoneos;
				SWIFT_OPTIMIZATION_LEVEL = "-Onone";
				TARGETED_DEVICE_FAMILY = "1,2";
			};
			name = Debug;
		};
		D713443C1A5EB6E900FC912B /* Release */ = {
			isa = XCBuildConfiguration;
			buildSettings = {
				ALWAYS_SEARCH_USER_PATHS = NO;
				CLANG_CXX_LANGUAGE_STANDARD = "gnu++0x";
				CLANG_CXX_LIBRARY = "libc++";
				CLANG_ENABLE_MODULES = YES;
				CLANG_ENABLE_OBJC_ARC = YES;
				CLANG_WARN_BOOL_CONVERSION = YES;
				CLANG_WARN_CONSTANT_CONVERSION = YES;
				CLANG_WARN_DIRECT_OBJC_ISA_USAGE = YES_ERROR;
				CLANG_WARN_EMPTY_BODY = YES;
				CLANG_WARN_ENUM_CONVERSION = YES;
				CLANG_WARN_INT_CONVERSION = YES;
				CLANG_WARN_OBJC_ROOT_CLASS = YES_ERROR;
				CLANG_WARN_UNREACHABLE_CODE = YES;
				CLANG_WARN__DUPLICATE_METHOD_MATCH = YES;
				"CODE_SIGN_IDENTITY[sdk=iphoneos*]" = "iPhone Developer";
				COPY_PHASE_STRIP = YES;
				ENABLE_NS_ASSERTIONS = NO;
				ENABLE_STRICT_OBJC_MSGSEND = YES;
				GCC_C_LANGUAGE_STANDARD = gnu99;
				GCC_WARN_64_TO_32_BIT_CONVERSION = YES;
				GCC_WARN_ABOUT_RETURN_TYPE = YES_ERROR;
				GCC_WARN_UNDECLARED_SELECTOR = YES;
				GCC_WARN_UNINITIALIZED_AUTOS = YES_AGGRESSIVE;
				GCC_WARN_UNUSED_FUNCTION = YES;
				GCC_WARN_UNUSED_VARIABLE = YES;
				IPHONEOS_DEPLOYMENT_TARGET = 8.1;
				MTL_ENABLE_DEBUG_INFO = NO;
				SDKROOT = iphoneos;
				TARGETED_DEVICE_FAMILY = "1,2";
				VALIDATE_PRODUCT = YES;
			};
			name = Release;
		};
		D713443E1A5EB6E900FC912B /* Debug */ = {
			isa = XCBuildConfiguration;
			buildSettings = {
				ASSETCATALOG_COMPILER_APPICON_NAME = AppIcon;
				INFOPLIST_FILE = "模仿/Info.plist";
				LD_RUNPATH_SEARCH_PATHS = "$(inherited) @executable_path/Frameworks";
				PRODUCT_NAME = "$(TARGET_NAME)";
			};
			name = Debug;
		};
		D713443F1A5EB6E900FC912B /* Release */ = {
			isa = XCBuildConfiguration;
			buildSettings = {
				ASSETCATALOG_COMPILER_APPICON_NAME = AppIcon;
				INFOPLIST_FILE = "模仿/Info.plist";
				LD_RUNPATH_SEARCH_PATHS = "$(inherited) @executable_path/Frameworks";
				PRODUCT_NAME = "$(TARGET_NAME)";
			};
			name = Release;
		};
		D71344411A5EB6E900FC912B /* Debug */ = {
			isa = XCBuildConfiguration;
			buildSettings = {
				BUNDLE_LOADER = "$(TEST_HOST)";
				FRAMEWORK_SEARCH_PATHS = (
					"$(SDKROOT)/Developer/Library/Frameworks",
					"$(inherited)",
				);
				GCC_PREPROCESSOR_DEFINITIONS = (
					"DEBUG=1",
					"$(inherited)",
				);
				INFOPLIST_FILE = "模仿Tests/Info.plist";
				LD_RUNPATH_SEARCH_PATHS = "$(inherited) @executable_path/Frameworks @loader_path/Frameworks";
				PRODUCT_NAME = "$(TARGET_NAME)";
				TEST_HOST = "$(BUILT_PRODUCTS_DIR)/模仿.app/模仿";
			};
			name = Debug;
		};
		D71344421A5EB6E900FC912B /* Release */ = {
			isa = XCBuildConfiguration;
			buildSettings = {
				BUNDLE_LOADER = "$(TEST_HOST)";
				FRAMEWORK_SEARCH_PATHS = (
					"$(SDKROOT)/Developer/Library/Frameworks",
					"$(inherited)",
				);
				INFOPLIST_FILE = "模仿Tests/Info.plist";
				LD_RUNPATH_SEARCH_PATHS = "$(inherited) @executable_path/Frameworks @loader_path/Frameworks";
				PRODUCT_NAME = "$(TARGET_NAME)";
				TEST_HOST = "$(BUILT_PRODUCTS_DIR)/模仿.app/模仿";
			};
			name = Release;
		};
/* End XCBuildConfiguration section */

/* Begin XCConfigurationList section */
		D71344191A5EB6E900FC912B /* Build configuration list for PBXProject "模仿" */ = {
			isa = XCConfigurationList;
			buildConfigurations = (
				D713443B1A5EB6E900FC912B /* Debug */,
				D713443C1A5EB6E900FC912B /* Release */,
			);
			defaultConfigurationIsVisible = 0;
			defaultConfigurationName = Release;
		};
		D713443D1A5EB6E900FC912B /* Build configuration list for PBXNativeTarget "模仿" */ = {
			isa = XCConfigurationList;
			buildConfigurations = (
				D713443E1A5EB6E900FC912B /* Debug */,
				D713443F1A5EB6E900FC912B /* Release */,
			);
			defaultConfigurationIsVisible = 0;
			defaultConfigurationName = Release;
		};
		D71344401A5EB6E900FC912B /* Build configuration list for PBXNativeTarget "模仿Tests" */ = {
			isa = XCConfigurationList;
			buildConfigurations = (
				D71344411A5EB6E900FC912B /* Debug */,
				D71344421A5EB6E900FC912B /* Release */,
			);
			defaultConfigurationIsVisible = 0;
			defaultConfigurationName = Release;
		};
/* End XCConfigurationList section */
	};
	rootObject = D71344161A5EB6E900FC912B /* Project object */;
}
